
Microsoft Visual Studio Solution File, Format Version 12.00
# Visual Studio 2012
Project("{FAE04EC0-301F-11D3-BF4B-00C04F79EFBC}") = "Client", "Client\Client.csproj", "{F242723C-4232-4EDC-A6CB-F59F848A3C0A}"
EndProject
Project("{FAE04EC0-301F-11D3-BF4B-00C04F79EFBC}") = "Server", "Server\Server.csproj", "{C71E930E-EDCC-488E-94F0-7FBC8E99CB63}"
EndProject
Global
	GlobalSection(SolutionConfigurationPlatforms) = preSolution
		Debug|Any CPU = Debug|Any CPU
		Release|Any CPU = Release|Any CPU
	EndGlobalSection
	GlobalSection(ProjectConfigurationPlatforms) = postSolution
		{F242723C-4232-4EDC-A6CB-F59F848A3C0A}.Debug|Any CPU.ActiveCfg = Debug|Any CPU
		{F242723C-4232-4EDC-A6CB-F59F848A3C0A}.Debug|Any CPU.Build.0 = Debug|Any CPU
		{F242723C-4232-4EDC-A6CB-F59F848A3C0A}.Release|Any CPU.ActiveCfg = Release|Any CPU
		{F242723C-4232-4EDC-A6CB-F59F848A3C0A}.Release|Any CPU.Build.0 = Release|Any CPU
		{C71E930E-EDCC-488E-94F0-7FBC8E99CB63}.Debug|Any CPU.ActiveCfg = Debug|Any CPU
		{C71E930E-EDCC-488E-94F0-7FBC8E99CB63}.Debug|Any CPU.Build.0 = Debug|Any CPU
		{C71E930E-EDCC-488E-94F0-7FBC8E99CB63}.Release|Any CPU.ActiveCfg = Release|Any CPU
		{C71E930E-EDCC-488E-94F0-7FBC8E99CB63}.Release|Any CPU.Build.0 = Release|Any CPU
	EndGlobalSection
	GlobalSection(SolutionProperties) = preSolution
		HideSolutionNode = FALSE
	EndGlobalSection
EndGlobal
